
Microsoft Visual Studio Solution File, Format Version 12.00
# Visual Studio Version 17
VisualStudioVersion = 17.3.32825.248
MinimumVisualStudioVersion = 10.0.40219.1
Project("{9A19103F-16F7-4668-BE54-9A1E7A4F7556}") = "Zy.App.Api", "Zy.App.Api\Zy.App.Api.csproj", "{8D306CF7-1A5F-4D4A-A5C2-D5595E7AF51A}"
EndProject
Project("{2150E333-8FDC-42A3-9474-1A3956D46DE8}") = "Zy.Video", "Zy.Video", "{1B7ECDC7-3EB5-46AD-8C24-B820CADC1861}"
EndProject
Project("{9A19103F-16F7-4668-BE54-9A1E7A4F7556}") = "Zy.Video", "Zy.Video\Zy.Video.csproj", "{C1EC65A8-5518-49C5-B9B1-EF540C8410F1}"
EndProject
Project("{9A19103F-16F7-4668-BE54-9A1E7A4F7556}") = "Zy.Video.App", "Zy.Video.App\Zy.Video.App.csproj", "{7C7AD07B-E87D-4161-A04B-DB979676AB5C}"
EndProject
Project("{9A19103F-16F7-4668-BE54-9A1E7A4F7556}") = "Zy.Video.Bll", "Zy.Video.Bll\Zy.Video.Bll.csproj", "{411D35C2-92AB-4E78-96C5-4A96509EFFD5}"
EndProject
Project("{9A19103F-16F7-4668-BE54-9A1E7A4F7556}") = "Zy.Video.Dal", "Zy.Video.Dal\Zy.Video.Dal.csproj", "{A62D9D79-7A64-408B-8E56-2FE47AB54FE2}"
EndProject
Project("{9A19103F-16F7-4668-BE54-9A1E7A4F7556}") = "Zy.App.Common", "Zy.App.Common\Zy.App.Common.csproj", "{AC78E240-3C6A-41AA-9380-FEDA95758765}"
EndProject
Project("{2150E333-8FDC-42A3-9474-1A3956D46DE8}") = "Zy.Ids", "Zy.Ids", "{7F572439-A67D-4836-93D9-350AE72CC011}"
EndProject
Project("{9A19103F-16F7-4668-BE54-9A1E7A4F7556}") = "Zy.Ids", "Zy.Ids\Zy.Ids.csproj", "{85BABBFC-275B-4F8C-8692-50DBDF7AFA1D}"
EndProject
Project("{9A19103F-16F7-4668-BE54-9A1E7A4F7556}") = "Zy.Ids.App", "Zy.Ids.App\Zy.Ids.App.csproj", "{75893D5B-E6A5-4B49-B823-9A593AA64097}"
EndProject
Project("{9A19103F-16F7-4668-BE54-9A1E7A4F7556}") = "Zy.Ids.Bll", "Zy.Ids.Bll\Zy.Ids.Bll.csproj", "{5437C657-9DA8-4778-8D3A-3FDBB3FE7ED1}"
EndProject
Project("{9A19103F-16F7-4668-BE54-9A1E7A4F7556}") = "Zy.Ids.Dal", "Zy.Ids.Dal\Zy.Ids.Dal.csproj", "{67051C1D-7B6B-45EA-87E9-743FA86CDB31}"
EndProject
Project("{2150E333-8FDC-42A3-9474-1A3956D46DE8}") = "Zy.User", "Zy.User", "{40C208EB-FBD6-4126-B2EF-AE6CB0D28E9A}"
EndProject
Project("{9A19103F-16F7-4668-BE54-9A1E7A4F7556}") = "Zy.User", "Zy.User\Zy.User.csproj", "{9CE41D7A-47E6-42D9-AA23-96C181B700BF}"
EndProject
Project("{9A19103F-16F7-4668-BE54-9A1E7A4F7556}") = "Zy.User.App", "Zy.User.App\Zy.User.App.csproj", "{EBC868C3-1CFF-4532-9590-93F8AEB0C4FA}"
EndProject
Project("{9A19103F-16F7-4668-BE54-9A1E7A4F7556}") = "Zy.User.Bll", "Zy.User.Bll\Zy.User.Bll.csproj", "{2F9D4B9F-9907-42D3-9EEC-D2D84B124E37}"
EndProject
Project("{9A19103F-16F7-4668-BE54-9A1E7A4F7556}") = "Zy.User.Dal", "Zy.User.Dal\Zy.User.Dal.csproj", "{283A1B08-FBCE-4B32-AE38-8792ED069B94}"
EndProject
Project("{2150E333-8FDC-42A3-9474-1A3956D46DE8}") = "Zy.Core", "Zy.Core", "{C91D175E-43C9-4350-BAD3-02E012EB8EDE}"
EndProject
Project("{FAE04EC0-301F-11D3-BF4B-00C04F79EFBC}") = "Zy.Core", "Zy.Core\Zy.Core.csproj", "{534B95E4-F053-4177-B71B-4A0B58773798}"
EndProject
Project("{FAE04EC0-301F-11D3-BF4B-00C04F79EFBC}") = "Zy.Core.App", "Zy.Core.App\Zy.Core.App.csproj", "{E3651486-3D7F-4DF0-9287-5748625EB87C}"
EndProject
Project("{FAE04EC0-301F-11D3-BF4B-00C04F79EFBC}") = "Zy.Core.Bll", "Zy.Core.Bll\Zy.Core.Bll.csproj", "{9F33FA2D-4BC7-4FFD-9616-58AB4CEA5ED8}"
EndProject
Project("{FAE04EC0-301F-11D3-BF4B-00C04F79EFBC}") = "Zy.Core.Dal", "Zy.Core.Dal\Zy.Core.Dal.csproj", "{EC83C767-85C6-4E9F-AC02-29C522F5B46C}"
EndProject
Global
	GlobalSection(SolutionConfigurationPlatforms) = preSolution
		Debug|Any CPU = Debug|Any CPU
		Release|Any CPU = Release|Any CPU
	EndGlobalSection
	GlobalSection(ProjectConfigurationPlatforms) = postSolution
		{8D306CF7-1A5F-4D4A-A5C2-D5595E7AF51A}.Debug|Any CPU.ActiveCfg = Debug|Any CPU
		{8D306CF7-1A5F-4D4A-A5C2-D5595E7AF51A}.Debug|Any CPU.Build.0 = Debug|Any CPU
		{8D306CF7-1A5F-4D4A-A5C2-D5595E7AF51A}.Release|Any CPU.ActiveCfg = Release|Any CPU
		{8D306CF7-1A5F-4D4A-A5C2-D5595E7AF51A}.Release|Any CPU.Build.0 = Release|Any CPU
		{C1EC65A8-5518-49C5-B9B1-EF540C8410F1}.Debug|Any CPU.ActiveCfg = Debug|Any CPU
		{C1EC65A8-5518-49C5-B9B1-EF540C8410F1}.Debug|Any CPU.Build.0 = Debug|Any CPU
		{C1EC65A8-5518-49C5-B9B1-EF540C8410F1}.Release|Any CPU.ActiveCfg = Release|Any CPU
		{C1EC65A8-5518-49C5-B9B1-EF540C8410F1}.Release|Any CPU.Build.0 = Release|Any CPU
		{7C7AD07B-E87D-4161-A04B-DB979676AB5C}.Debug|Any CPU.ActiveCfg = Debug|Any CPU
		{7C7AD07B-E87D-4161-A04B-DB979676AB5C}.Debug|Any CPU.Build.0 = Debug|Any CPU
		{7C7AD07B-E87D-4161-A04B-DB979676AB5C}.Release|Any CPU.ActiveCfg = Release|Any CPU
		{7C7AD07B-E87D-4161-A04B-DB979676AB5C}.Release|Any CPU.Build.0 = Release|Any CPU
		{411D35C2-92AB-4E78-96C5-4A96509EFFD5}.Debug|Any CPU.ActiveCfg = Debug|Any CPU
		{411D35C2-92AB-4E78-96C5-4A96509EFFD5}.Debug|Any CPU.Build.0 = Debug|Any CPU
		{411D35C2-92AB-4E78-96C5-4A96509EFFD5}.Release|Any CPU.ActiveCfg = Release|Any CPU
		{411D35C2-92AB-4E78-96C5-4A96509EFFD5}.Release|Any CPU.Build.0 = Release|Any CPU
		{A62D9D79-7A64-408B-8E56-2FE47AB54FE2}.Debug|Any CPU.ActiveCfg = Debug|Any CPU
		{A62D9D79-7A64-408B-8E56-2FE47AB54FE2}.Debug|Any CPU.Build.0 = Debug|Any CPU
		{A62D9D79-7A64-408B-8E56-2FE47AB54FE2}.Release|Any CPU.ActiveCfg = Release|Any CPU
		{A62D9D79-7A64-408B-8E56-2FE47AB54FE2}.Release|Any CPU.Build.0 = Release|Any CPU
		{AC78E240-3C6A-41AA-9380-FEDA95758765}.Debug|Any CPU.ActiveCfg = Debug|Any CPU
		{AC78E240-3C6A-41AA-9380-FEDA95758765}.Debug|Any CPU.Build.0 = Debug|Any CPU
		{AC78E240-3C6A-41AA-9380-FEDA95758765}.Release|Any CPU.ActiveCfg = Release|Any CPU
		{AC78E240-3C6A-41AA-9380-FEDA95758765}.Release|Any CPU.Build.0 = Release|Any CPU
		{85BABBFC-275B-4F8C-8692-50DBDF7AFA1D}.Debug|Any CPU.ActiveCfg = Debug|Any CPU
		{85BABBFC-275B-4F8C-8692-50DBDF7AFA1D}.Debug|Any CPU.Build.0 = Debug|Any CPU
		{85BABBFC-275B-4F8C-8692-50DBDF7AFA1D}.Release|Any CPU.ActiveCfg = Release|Any CPU
		{85BABBFC-275B-4F8C-8692-50DBDF7AFA1D}.Release|Any CPU.Build.0 = Release|Any CPU
		{75893D5B-E6A5-4B49-B823-9A593AA64097}.Debug|Any CPU.ActiveCfg = Debug|Any CPU
		{75893D5B-E6A5-4B49-B823-9A593AA64097}.Debug|Any CPU.Build.0 = Debug|Any CPU
		{75893D5B-E6A5-4B49-B823-9A593AA64097}.Release|Any CPU.ActiveCfg = Release|Any CPU
		{75893D5B-E6A5-4B49-B823-9A593AA64097}.Release|Any CPU.Build.0 = Release|Any CPU
		{5437C657-9DA8-4778-8D3A-3FDBB3FE7ED1}.Debug|Any CPU.ActiveCfg = Debug|Any CPU
		{5437C657-9DA8-4778-8D3A-3FDBB3FE7ED1}.Debug|Any CPU.Build.0 = Debug|Any CPU
		{5437C657-9DA8-4778-8D3A-3FDBB3FE7ED1}.Release|Any CPU.ActiveCfg = Release|Any CPU
		{5437C657-9DA8-4778-8D3A-3FDBB3FE7ED1}.Release|Any CPU.Build.0 = Release|Any CPU
		{67051C1D-7B6B-45EA-87E9-743FA86CDB31}.Debug|Any CPU.ActiveCfg = Debug|Any CPU
		{67051C1D-7B6B-45EA-87E9-743FA86CDB31}.Debug|Any CPU.Build.0 = Debug|Any CPU
		{67051C1D-7B6B-45EA-87E9-743FA86CDB31}.Release|Any CPU.ActiveCfg = Release|Any CPU
		{67051C1D-7B6B-45EA-87E9-743FA86CDB31}.Release|Any CPU.Build.0 = Release|Any CPU
		{9CE41D7A-47E6-42D9-AA23-96C181B700BF}.Debug|Any CPU.ActiveCfg = Debug|Any CPU
		{9CE41D7A-47E6-42D9-AA23-96C181B700BF}.Debug|Any CPU.Build.0 = Debug|Any CPU
		{9CE41D7A-47E6-42D9-AA23-96C181B700BF}.Release|Any CPU.ActiveCfg = Release|Any CPU
		{9CE41D7A-47E6-42D9-AA23-96C181B700BF}.Release|Any CPU.Build.0 = Release|Any CPU
		{EBC868C3-1CFF-4532-9590-93F8AEB0C4FA}.Debug|Any CPU.ActiveCfg = Debug|Any CPU
		{EBC868C3-1CFF-4532-9590-93F8AEB0C4FA}.Debug|Any CPU.Build.0 = Debug|Any CPU
		{EBC868C3-1CFF-4532-9590-93F8AEB0C4FA}.Release|Any CPU.ActiveCfg = Release|Any CPU
		{EBC868C3-1CFF-4532-9590-93F8AEB0C4FA}.Release|Any CPU.Build.0 = Release|Any CPU
		{2F9D4B9F-9907-42D3-9EEC-D2D84B124E37}.Debug|Any CPU.ActiveCfg = Debug|Any CPU
		{2F9D4B9F-9907-42D3-9EEC-D2D84B124E37}.Debug|Any CPU.Build.0 = Debug|Any CPU
		{2F9D4B9F-9907-42D3-9EEC-D2D84B124E37}.Release|Any CPU.ActiveCfg = Release|Any CPU
		{2F9D4B9F-9907-42D3-9EEC-D2D84B124E37}.Release|Any CPU.Build.0 = Release|Any CPU
		{283A1B08-FBCE-4B32-AE38-8792ED069B94}.Debug|Any CPU.ActiveCfg = Debug|Any CPU
		{283A1B08-FBCE-4B32-AE38-8792ED069B94}.Debug|Any CPU.Build.0 = Debug|Any CPU
		{283A1B08-FBCE-4B32-AE38-8792ED069B94}.Release|Any CPU.ActiveCfg = Release|Any CPU
		{283A1B08-FBCE-4B32-AE38-8792ED069B94}.Release|Any CPU.Build.0 = Release|Any CPU
		{534B95E4-F053-4177-B71B-4A0B58773798}.Debug|Any CPU.ActiveCfg = Debug|Any CPU
		{534B95E4-F053-4177-B71B-4A0B58773798}.Debug|Any CPU.Build.0 = Debug|Any CPU
		{534B95E4-F053-4177-B71B-4A0B58773798}.Release|Any CPU.ActiveCfg = Release|Any CPU
		{534B95E4-F053-4177-B71B-4A0B58773798}.Release|Any CPU.Build.0 = Release|Any CPU
		{E3651486-3D7F-4DF0-9287-5748625EB87C}.Debug|Any CPU.ActiveCfg = Debug|Any CPU
		{E3651486-3D7F-4DF0-9287-5748625EB87C}.Debug|Any CPU.Build.0 = Debug|Any CPU
		{E3651486-3D7F-4DF0-9287-5748625EB87C}.Release|Any CPU.ActiveCfg = Release|Any CPU
		{E3651486-3D7F-4DF0-9287-5748625EB87C}.Release|Any CPU.Build.0 = Release|Any CPU
		{9F33FA2D-4BC7-4FFD-9616-58AB4CEA5ED8}.Debug|Any CPU.ActiveCfg = Debug|Any CPU
		{9F33FA2D-4BC7-4FFD-9616-58AB4CEA5ED8}.Debug|Any CPU.Build.0 = Debug|Any CPU
		{9F33FA2D-4BC7-4FFD-9616-58AB4CEA5ED8}.Release|Any CPU.ActiveCfg = Release|Any CPU
		{9F33FA2D-4BC7-4FFD-9616-58AB4CEA5ED8}.Release|Any CPU.Build.0 = Release|Any CPU
		{EC83C767-85C6-4E9F-AC02-29C522F5B46C}.Debug|Any CPU.ActiveCfg = Debug|Any CPU
		{EC83C767-85C6-4E9F-AC02-29C522F5B46C}.Debug|Any CPU.Build.0 = Debug|Any CPU
		{EC83C767-85C6-4E9F-AC02-29C522F5B46C}.Release|Any CPU.ActiveCfg = Release|Any CPU
		{EC83C767-85C6-4E9F-AC02-29C522F5B46C}.Release|Any CPU.Build.0 = Release|Any CPU
	EndGlobalSection
	GlobalSection(SolutionProperties) = preSolution
		HideSolutionNode = FALSE
	EndGlobalSection
	GlobalSection(NestedProjects) = preSolution
		{C1EC65A8-5518-49C5-B9B1-EF540C8410F1} = {1B7ECDC7-3EB5-46AD-8C24-B820CADC1861}
		{7C7AD07B-E87D-4161-A04B-DB979676AB5C} = {1B7ECDC7-3EB5-46AD-8C24-B820CADC1861}
		{411D35C2-92AB-4E78-96C5-4A96509EFFD5} = {1B7ECDC7-3EB5-46AD-8C24-B820CADC1861}
		{A62D9D79-7A64-408B-8E56-2FE47AB54FE2} = {1B7ECDC7-3EB5-46AD-8C24-B820CADC1861}
		{85BABBFC-275B-4F8C-8692-50DBDF7AFA1D} = {7F572439-A67D-4836-93D9-350AE72CC011}
		{75893D5B-E6A5-4B49-B823-9A593AA64097} = {7F572439-A67D-4836-93D9-350AE72CC011}
		{5437C657-9DA8-4778-8D3A-3FDBB3FE7ED1} = {7F572439-A67D-4836-93D9-350AE72CC011}
		{67051C1D-7B6B-45EA-87E9-743FA86CDB31} = {7F572439-A67D-4836-93D9-350AE72CC011}
		{9CE41D7A-47E6-42D9-AA23-96C181B700BF} = {40C208EB-FBD6-4126-B2EF-AE6CB0D28E9A}
		{EBC868C3-1CFF-4532-9590-93F8AEB0C4FA} = {40C208EB-FBD6-4126-B2EF-AE6CB0D28E9A}
		{2F9D4B9F-9907-42D3-9EEC-D2D84B124E37} = {40C208EB-FBD6-4126-B2EF-AE6CB0D28E9A}
		{283A1B08-FBCE-4B32-AE38-8792ED069B94} = {40C208EB-FBD6-4126-B2EF-AE6CB0D28E9A}
		{534B95E4-F053-4177-B71B-4A0B58773798} = {C91D175E-43C9-4350-BAD3-02E012EB8EDE}
		{E3651486-3D7F-4DF0-9287-5748625EB87C} = {C91D175E-43C9-4350-BAD3-02E012EB8EDE}
		{9F33FA2D-4BC7-4FFD-9616-58AB4CEA5ED8} = {C91D175E-43C9-4350-BAD3-02E012EB8EDE}
		{EC83C767-85C6-4E9F-AC02-29C522F5B46C} = {C91D175E-43C9-4350-BAD3-02E012EB8EDE}
	EndGlobalSection
	GlobalSection(ExtensibilityGlobals) = postSolution
		SolutionGuid = {EAF581BB-E82C-48E5-A5EC-438B30557B42}
	EndGlobalSection
EndGlobal
